<?xml version="1.0" encoding="utf-8"?>
<Project ToolsVersion="4.0" xmlns="http://schemas.microsoft.com/developer/msbuild/2003">
  <ItemGroup>
    <Filter Include="Header Files">
      <UniqueIdentifier>{93995380-89BD-4b04-88EB-625FBE52EBFB}</UniqueIdentifier>
      <Extensions>h;hh;hpp;hxx;hm;inl;inc;xsd</Extensions>
    </Filter>
    <Filter Include="Source Files">
      <UniqueIdentifier>{90b2211b-33c2-454a-ae84-8c57c2e0bbb0}</UniqueIdentifier>
      <Extensions>c;cpp</Extensions>
    </Filter>
    <Filter Include="Images">
      <UniqueIdentifier>{65580185-58f0-44a0-a170-bd67ecc5e1e6}</UniqueIdentifier>
      <Extensions>png;jpg;jpeg;bmp</Extensions>
    </Filter>
    <Filter Include="Fonts">
      <UniqueIdentifier>{7047ad41-740e-4139-95b7-0eb3279cfb40}</UniqueIdentifier>
      <Extensions>ttf</Extensions>
    </Filter>
    <Filter Include="Dynamic-Link Libraries">
      <UniqueIdentifier>{86d988fe-aa7e-4ce5-9b6b-ad15d0e7fef1}</UniqueIdentifier>
      <Extensions>dll</Extensions>
    </Filter>
  </ItemGroup>
  <ItemGroup>
    <ClCompile Include="src\Board.cpp">
      <Filter>Source Files</Filter>
    </ClCompile>
    <ClCompile Include="src\Draughts.cpp">
      <Filter>Source Files</Filter>
    </ClCompile>
    <ClCompile Include="src\Error.cpp">
      <Filter>Source Files</Filter>
    </ClCompile>
    <ClCompile Include="src\Field.cpp">
      <Filter>Source Files</Filter>
    </ClCompile>
    <ClCompile Include="src\Game.cpp">
      <Filter>Source Files</Filter>
    </ClCompile>
    <ClCompile Include="src\GameObject.cpp">
      <Filter>Source Files</Filter>
    </ClCompile>
    <ClCompile Include="src\GameRunner.cpp">
      <Filter>Source Files</Filter>
    </ClCompile>
    <ClCompile Include="src\main.cpp">
      <Filter>Source Files</Filter>
    </ClCompile>
    <ClCompile Include="src\NotImplementedError.cpp">
      <Filter>Source Files</Filter>
    </ClCompile>
    <ClCompile Include="src\Piece.cpp">
      <Filter>Source Files</Filter>
    </ClCompile>
    <ClCompile Include="src\Player.cpp">
      <Filter>Source Files</Filter>
    </ClCompile>
    <ClCompile Include="src\Resources.cpp">
      <Filter>Source Files</Filter>
    </ClCompile>
    <ClCompile Include="src\SingleThreadGameRunner.cpp">
      <Filter>Source Files</Filter>
    </ClCompile>
    <ClCompile Include="src\StepTree.cpp">
      <Filter>Source Files</Filter>
    </ClCompile>
    <ClCompile Include="src\EasingCurve.cpp">
      <Filter>Source Files</Filter>
    </ClCompile>
    <ClCompile Include="src\Transition.cpp">
      <Filter>Source Files</Filter>
    </ClCompile>
  </ItemGroup>
  <ItemGroup>
    <ClInclude Include="src\Board.h">
      <Filter>Header Files</Filter>
    </ClInclude>
    <ClInclude Include="src\Draughts.h">
      <Filter>Header Files</Filter>
    </ClInclude>
    <ClInclude Include="src\Error.h">
      <Filter>Header Files</Filter>
    </ClInclude>
    <ClInclude Include="src\Field.h">
      <Filter>Header Files</Filter>
    </ClInclude>
    <ClInclude Include="src\Game.h">
      <Filter>Header Files</Filter>
    </ClInclude>
    <ClInclude Include="src\GameObject.h">
      <Filter>Header Files</Filter>
    </ClInclude>
    <ClInclude Include="src\GameRunner.h">
      <Filter>Header Files</Filter>
    </ClInclude>
    <ClInclude Include="src\Macros.h">
      <Filter>Header Files</Filter>
    </ClInclude>
    <ClInclude Include="src\NotImplementedError.h">
      <Filter>Header Files</Filter>
    </ClInclude>
    <ClInclude Include="src\Piece.h">
      <Filter>Header Files</Filter>
    </ClInclude>
    <ClInclude Include="src\Player.h">
      <Filter>Header Files</Filter>
    </ClInclude>
    <ClInclude Include="src\Resources.h">
      <Filter>Header Files</Filter>
    </ClInclude>
    <ClInclude Include="src\SingleThreadGameRunner.h">
      <Filter>Header Files</Filter>
    </ClInclude>
    <ClInclude Include="src\StepTree.h">
      <Filter>Header Files</Filter>
    </ClInclude>
    <ClInclude Include="src\EasingCurve.h">
      <Filter>Header Files</Filter>
    </ClInclude>
    <ClInclude Include="src\Transition.h">
      <Filter>Header Files</Filter>
    </ClInclude>
  </ItemGroup>
  <ItemGroup>
    <None Include=".clang-format" />
    <None Include="README.md" />
    <None Include="TODO.md" />
    <None Include="doc\doxygen.conf" />
    <None Include="ClassDiagram.cd" />
    <None Include="lib\sfml-audio-2.dll">
      <Filter>Dynamic-Link Libraries</Filter>
    </None>
    <None Include="lib\sfml-audio-d-2.dll">
      <Filter>Dynamic-Link Libraries</Filter>
    </None>
    <None Include="lib\sfml-graphics-2.dll">
      <Filter>Dynamic-Link Libraries</Filter>
    </None>
    <None Include="lib\sfml-graphics-d-2.dll">
      <Filter>Dynamic-Link Libraries</Filter>
    </None>
    <None Include="lib\sfml-network-2.dll">
      <Filter>Dynamic-Link Libraries</Filter>
    </None>
    <None Include="lib\sfml-network-d-2.dll">
      <Filter>Dynamic-Link Libraries</Filter>
    </None>
    <None Include="lib\sfml-system-2.dll">
      <Filter>Dynamic-Link Libraries</Filter>
    </None>
    <None Include="lib\sfml-system-d-2.dll">
      <Filter>Dynamic-Link Libraries</Filter>
    </None>
    <None Include="lib\sfml-window-2.dll">
      <Filter>Dynamic-Link Libraries</Filter>
    </None>
    <None Include="lib\sfml-window-d-2.dll">
      <Filter>Dynamic-Link Libraries</Filter>
    </None>
  </ItemGroup>
  <ItemGroup>
    <Font Include="res\font\antt-ttf\AntykwaTorunska-Regular.ttf">
      <Filter>Fonts</Filter>
    </Font>
    <Font Include="res\font\Courier New\cour.ttf">
      <Filter>Fonts</Filter>
    </Font>
  </ItemGroup>
  <ItemGroup>
    <Image Include="res\img\logo.png">
      <Filter>Images</Filter>
    </Image>
  </ItemGroup>
</Project>